
Microsoft Visual Studio Solution File, Format Version 12.00
# Visual Studio Version 17
VisualStudioVersion = 17.14.36518.9 d17.14
MinimumVisualStudioVersion = 10.0.40219.1
Project("{FAE04EC0-301F-11D3-BF4B-00C04F79EFBC}") = "InvoiceProcessorDesktopLegacy", "InvoiceProcessorDesktopLegacy\InvoiceProcessorDesktopLegacy.csproj", "{8F03F03A-D063-424B-A441-16E5E8DCEF36}"
EndProject
Global
	GlobalSection(SolutionConfigurationPlatforms) = preSolution
		Debug|Any CPU = Debug|Any CPU
		Release|Any CPU = Release|Any CPU
	EndGlobalSection
	GlobalSection(ProjectConfigurationPlatforms) = postSolution
		{8F03F03A-D063-424B-A441-16E5E8DCEF36}.Debug|Any CPU.ActiveCfg = Debug|Any CPU
		{8F03F03A-D063-424B-A441-16E5E8DCEF36}.Debug|Any CPU.Build.0 = Debug|Any CPU
		{8F03F03A-D063-424B-A441-16E5E8DCEF36}.Release|Any CPU.ActiveCfg = Release|Any CPU
		{8F03F03A-D063-424B-A441-16E5E8DCEF36}.Release|Any CPU.Build.0 = Release|Any CPU
	EndGlobalSection
	GlobalSection(SolutionProperties) = preSolution
		HideSolutionNode = FALSE
	EndGlobalSection
	GlobalSection(ExtensibilityGlobals) = postSolution
		SolutionGuid = {4FF29F4C-7902-4564-B422-53DE98F35385}
	EndGlobalSection
EndGlobal
